// !$*UTF8*$!
{
	archiveVersion = 1;
	classes = {
	};
	objectVersion = 46;
	objects = {

/* Begin PBXBuildFile section */
		97669A841EF9EAAA00679524 /* AppDelegate.swift in Sources */ = {isa = PBXBuildFile; fileRef = 97669A831EF9EAAA00679524 /* AppDelegate.swift */; };
		97669A861EF9EAAA00679524 /* ViewController.swift in Sources */ = {isa = PBXBuildFile; fileRef = 97669A851EF9EAAA00679524 /* ViewController.swift */; };
		97669A891EF9EAAA00679524 /* Main.storyboard in Resources */ = {isa = PBXBuildFile; fileRef = 97669A871EF9EAAA00679524 /* Main.storyboard */; };
		97669A8B1EF9EAAA00679524 /* Assets.xcassets in Resources */ = {isa = PBXBuildFile; fileRef = 97669A8A1EF9EAAA00679524 /* Assets.xcassets */; };
		97669A8E1EF9EAAA00679524 /* LaunchScreen.storyboard in Resources */ = {isa = PBXBuildFile; fileRef = 97669A8C1EF9EAAA00679524 /* LaunchScreen.storyboard */; };
		97669A991EF9EAAA00679524 /* clientLookTests.swift in Sources */ = {isa = PBXBuildFile; fileRef = 97669A981EF9EAAA00679524 /* clientLookTests.swift */; };
		97669AA41EF9EAAA00679524 /* clientLookUITests.swift in Sources */ = {isa = PBXBuildFile; fileRef = 97669AA31EF9EAAA00679524 /* clientLookUITests.swift */; };
		97669AB21EF9F31E00679524 /* RegisterPageViewController.swift in Sources */ = {isa = PBXBuildFile; fileRef = 97669AB11EF9F31E00679524 /* RegisterPageViewController.swift */; };
		97669AB61EFA058900679524 /* ClientTableViewController.swift in Sources */ = {isa = PBXBuildFile; fileRef = 97669AB51EFA058900679524 /* ClientTableViewController.swift */; };
		97669AB81EFB14FE00679524 /* ClientTableViewCell.swift in Sources */ = {isa = PBXBuildFile; fileRef = 97669AB71EFB14FE00679524 /* ClientTableViewCell.swift */; };
		97669ABA1EFB190100679524 /* Client.swift in Sources */ = {isa = PBXBuildFile; fileRef = 97669AB91EFB190100679524 /* Client.swift */; };
		97669ABC1EFB29DC00679524 /* AddClientViewController.swift in Sources */ = {isa = PBXBuildFile; fileRef = 97669ABB1EFB29DC00679524 /* AddClientViewController.swift */; };
		97669ABE1EFB3CCD00679524 /* ClientDetailViewController.swift in Sources */ = {isa = PBXBuildFile; fileRef = 97669ABD1EFB3CCD00679524 /* ClientDetailViewController.swift */; };
/* End PBXBuildFile section */

/* Begin PBXContainerItemProxy section */
		97669A951EF9EAAA00679524 /* PBXContainerItemProxy */ = {
			isa = PBXContainerItemProxy;
			containerPortal = 97669A781EF9EAAA00679524 /* Project object */;
			proxyType = 1;
			remoteGlobalIDString = 97669A7F1EF9EAAA00679524;
			remoteInfo = clientLook;
		};
		97669AA01EF9EAAA00679524 /* PBXContainerItemProxy */ = {
			isa = PBXContainerItemProxy;
			containerPortal = 97669A781EF9EAAA00679524 /* Project object */;
			proxyType = 1;
			remoteGlobalIDString = 97669A7F1EF9EAAA00679524;
			remoteInfo = clientLook;
		};
/* End PBXContainerItemProxy section */

/* Begin PBXFileReference section */
		97669A801EF9EAAA00679524 /* clientLook.app */ = {isa = PBXFileReference; explicitFileType = wrapper.application; includeInIndex = 0; path = clientLook.app; sourceTree = BUILT_PRODUCTS_DIR; };
		97669A831EF9EAAA00679524 /* AppDelegate.swift */ = {isa = PBXFileReference; lastKnownFileType = sourcecode.swift; path = AppDelegate.swift; sourceTree = "<group>"; };
		97669A851EF9EAAA00679524 /* ViewController.swift */ = {isa = PBXFileReference; lastKnownFileType = sourcecode.swift; path = ViewController.swift; sourceTree = "<group>"; };
		97669A881EF9EAAA00679524 /* Base */ = {isa = PBXFileReference; lastKnownFileType = file.storyboard; name = Base; path = Base.lproj/Main.storyboard; sourceTree = "<group>"; };
		97669A8A1EF9EAAA00679524 /* Assets.xcassets */ = {isa = PBXFileReference; lastKnownFileType = folder.assetcatalog; path = Assets.xcassets; sourceTree = "<group>"; };
		97669A8D1EF9EAAA00679524 /* Base */ = {isa = PBXFileReference; lastKnownFileType = file.storyboard; name = Base; path = Base.lproj/LaunchScreen.storyboard; sourceTree = "<group>"; };
		97669A8F1EF9EAAA00679524 /* Info.plist */ = {isa = PBXFileReference; lastKnownFileType = text.plist.xml; path = Info.plist; sourceTree = "<group>"; };
		97669A941EF9EAAA00679524 /* clientLookTests.xctest */ = {isa = PBXFileReference; explicitFileType = wrapper.cfbundle; includeInIndex = 0; path = clientLookTests.xctest; sourceTree = BUILT_PRODUCTS_DIR; };
		97669A981EF9EAAA00679524 /* clientLookTests.swift */ = {isa = PBXFileReference; lastKnownFileType = sourcecode.swift; path = clientLookTests.swift; sourceTree = "<group>"; };
		97669A9A1EF9EAAA00679524 /* Info.plist */ = {isa = PBXFileReference; lastKnownFileType = text.plist.xml; path = Info.plist; sourceTree = "<group>"; };
		97669A9F1EF9EAAA00679524 /* clientLookUITests.xctest */ = {isa = PBXFileReference; explicitFileType = wrapper.cfbundle; includeInIndex = 0; path = clientLookUITests.xctest; sourceTree = BUILT_PRODUCTS_DIR; };
		97669AA31EF9EAAA00679524 /* clientLookUITests.swift */ = {isa = PBXFileReference; lastKnownFileType = sourcecode.swift; path = clientLookUITests.swift; sourceTree = "<group>"; };
		97669AA51EF9EAAA00679524 /* Info.plist */ = {isa = PBXFileReference; lastKnownFileType = text.plist.xml; path = Info.plist; sourceTree = "<group>"; };
		97669AB11EF9F31E00679524 /* RegisterPageViewController.swift */ = {isa = PBXFileReference; fileEncoding = 4; lastKnownFileType = sourcecode.swift; path = RegisterPageViewController.swift; sourceTree = "<group>"; };
		97669AB51EFA058900679524 /* ClientTableViewController.swift */ = {isa = PBXFileReference; fileEncoding = 4; lastKnownFileType = sourcecode.swift; path = ClientTableViewController.swift; sourceTree = "<group>"; };
		97669AB71EFB14FE00679524 /* ClientTableViewCell.swift */ = {isa = PBXFileReference; fileEncoding = 4; lastKnownFileType = sourcecode.swift; path = ClientTableViewCell.swift; sourceTree = "<group>"; };
		97669AB91EFB190100679524 /* Client.swift */ = {isa = PBXFileReference; fileEncoding = 4; lastKnownFileType = sourcecode.swift; path = Client.swift; sourceTree = "<group>"; };
		97669ABB1EFB29DC00679524 /* AddClientViewController.swift */ = {isa = PBXFileReference; fileEncoding = 4; lastKnownFileType = sourcecode.swift; path = AddClientViewController.swift; sourceTree = "<group>"; };
		97669ABD1EFB3CCD00679524 /* ClientDetailViewController.swift */ = {isa = PBXFileReference; fileEncoding = 4; lastKnownFileType = sourcecode.swift; path = ClientDetailViewController.swift; sourceTree = "<group>"; };
/* End PBXFileReference section */

/* Begin PBXFrameworksBuildPhase section */
		97669A7D1EF9EAAA00679524 /* Frameworks */ = {
			isa = PBXFrameworksBuildPhase;
			buildActionMask = 2147483647;
			files = (
			);
			runOnlyForDeploymentPostprocessing = 0;
		};
		97669A911EF9EAAA00679524 /* Frameworks */ = {
			isa = PBXFrameworksBuildPhase;
			buildActionMask = 2147483647;
			files = (
			);
			runOnlyForDeploymentPostprocessing = 0;
		};
		97669A9C1EF9EAAA00679524 /* Frameworks */ = {
			isa = PBXFrameworksBuildPhase;
			buildActionMask = 2147483647;
			files = (
			);
			runOnlyForDeploymentPostprocessing = 0;
		};
/* End PBXFrameworksBuildPhase section */

/* Begin PBXGroup section */
		97669A771EF9EAAA00679524 = {
			isa = PBXGroup;
			children = (
				97669A821EF9EAAA00679524 /* clientLook */,
				97669A971EF9EAAA00679524 /* clientLookTests */,
				97669AA21EF9EAAA00679524 /* clientLookUITests */,
				97669A811EF9EAAA00679524 /* Products */,
			);
			sourceTree = "<group>";
		};
		97669A811EF9EAAA00679524 /* Products */ = {
			isa = PBXGroup;
			children = (
				97669A801EF9EAAA00679524 /* clientLook.app */,
				97669A941EF9EAAA00679524 /* clientLookTests.xctest */,
				97669A9F1EF9EAAA00679524 /* clientLookUITests.xctest */,
			);
			name = Products;
			sourceTree = "<group>";
		};
		97669A821EF9EAAA00679524 /* clientLook */ = {
			isa = PBXGroup;
			children = (
				97669A831EF9EAAA00679524 /* AppDelegate.swift */,
				97669A851EF9EAAA00679524 /* ViewController.swift */,
				97669AB11EF9F31E00679524 /* RegisterPageViewController.swift */,
				97669ABD1EFB3CCD00679524 /* ClientDetailViewController.swift */,
				97669AB51EFA058900679524 /* ClientTableViewController.swift */,
				97669ABB1EFB29DC00679524 /* AddClientViewController.swift */,
				97669AB71EFB14FE00679524 /* ClientTableViewCell.swift */,
				97669AB91EFB190100679524 /* Client.swift */,
				97669A871EF9EAAA00679524 /* Main.storyboard */,
				97669A8A1EF9EAAA00679524 /* Assets.xcassets */,
				97669A8C1EF9EAAA00679524 /* LaunchScreen.storyboard */,
				97669A8F1EF9EAAA00679524 /* Info.plist */,
			);
			path = clientLook;
			sourceTree = "<group>";
		};
		97669A971EF9EAAA00679524 /* clientLookTests */ = {
			isa = PBXGroup;
			children = (
				97669A981EF9EAAA00679524 /* clientLookTests.swift */,
				97669A9A1EF9EAAA00679524 /* Info.plist */,
			);
			path = clientLookTests;
			sourceTree = "<group>";
		};
		97669AA21EF9EAAA00679524 /* clientLookUITests */ = {
			isa = PBXGroup;
			children = (
				97669AA31EF9EAAA00679524 /* clientLookUITests.swift */,
				97669AA51EF9EAAA00679524 /* Info.plist */,
			);
			path = clientLookUITests;
			sourceTree = "<group>";
		};
/* End PBXGroup section */

/* Begin PBXNativeTarget section */
		97669A7F1EF9EAAA00679524 /* clientLook */ = {
			isa = PBXNativeTarget;
			buildConfigurationList = 97669AA81EF9EAAA00679524 /* Build configuration list for PBXNativeTarget "clientLook" */;
			buildPhases = (
				97669A7C1EF9EAAA00679524 /* Sources */,
				97669A7D1EF9EAAA00679524 /* Frameworks */,
				97669A7E1EF9EAAA00679524 /* Resources */,
			);
			buildRules = (
			);
			dependencies = (
			);
			name = clientLook;
			productName = clientLook;
			productReference = 97669A801EF9EAAA00679524 /* clientLook.app */;
			productType = "com.apple.product-type.application";
		};
		97669A931EF9EAAA00679524 /* clientLookTests */ = {
			isa = PBXNativeTarget;
			buildConfigurationList = 97669AAB1EF9EAAA00679524 /* Build configuration list for PBXNativeTarget "clientLookTests" */;
			buildPhases = (
				97669A901EF9EAAA00679524 /* Sources */,
				97669A911EF9EAAA00679524 /* Frameworks */,
				97669A921EF9EAAA00679524 /* Resources */,
			);
			buildRules = (
			);
			dependencies = (
				97669A961EF9EAAA00679524 /* PBXTargetDependency */,
			);
			name = clientLookTests;
			productName = clientLookTests;
			productReference = 97669A941EF9EAAA00679524 /* clientLookTests.xctest */;
			productType = "com.apple.product-type.bundle.unit-test";
		};
		97669A9E1EF9EAAA00679524 /* clientLookUITests */ = {
			isa = PBXNativeTarget;
			buildConfigurationList = 97669AAE1EF9EAAA00679524 /* Build configuration list for PBXNativeTarget "clientLookUITests" */;
			buildPhases = (
				97669A9B1EF9EAAA00679524 /* Sources */,
				97669A9C1EF9EAAA00679524 /* Frameworks */,
				97669A9D1EF9EAAA00679524 /* Resources */,
			);
			buildRules = (
			);
			dependencies = (
				97669AA11EF9EAAA00679524 /* PBXTargetDependency */,
			);
			name = clientLookUITests;
			productName = clientLookUITests;
			productReference = 97669A9F1EF9EAAA00679524 /* clientLookUITests.xctest */;
			productType = "com.apple.product-type.bundle.ui-testing";
		};
/* End PBXNativeTarget section */

/* Begin PBXProject section */
		97669A781EF9EAAA00679524 /* Project object */ = {
			isa = PBXProject;
			attributes = {
				LastSwiftUpdateCheck = 0830;
				LastUpgradeCheck = 0830;
				ORGANIZATIONNAME = HauteLook;
				TargetAttributes = {
					97669A7F1EF9EAAA00679524 = {
						CreatedOnToolsVersion = 8.3.3;
						DevelopmentTeam = TCV22SV9QT;
						ProvisioningStyle = Automatic;
					};
					97669A931EF9EAAA00679524 = {
						CreatedOnToolsVersion = 8.3.3;
						ProvisioningStyle = Automatic;
						TestTargetID = 97669A7F1EF9EAAA00679524;
					};
					97669A9E1EF9EAAA00679524 = {
						CreatedOnToolsVersion = 8.3.3;
						ProvisioningStyle = Automatic;
						TestTargetID = 97669A7F1EF9EAAA00679524;
					};
				};
			};
			buildConfigurationList = 97669A7B1EF9EAAA00679524 /* Build configuration list for PBXProject "clientLook" */;
			compatibilityVersion = "Xcode 3.2";
			developmentRegion = English;
			hasScannedForEncodings = 0;
			knownRegions = (
				en,
				Base,
			);
			mainGroup = 97669A771EF9EAAA00679524;
			productRefGroup = 97669A811EF9EAAA00679524 /* Products */;
			projectDirPath = "";
			projectRoot = "";
			targets = (
				97669A7F1EF9EAAA00679524 /* clientLook */,
				97669A931EF9EAAA00679524 /* clientLookTests */,
				97669A9E1EF9EAAA00679524 /* clientLookUITests */,
			);
		};
/* End PBXProject section */

/* Begin PBXResourcesBuildPhase section */
		97669A7E1EF9EAAA00679524 /* Resources */ = {
			isa = PBXResourcesBuildPhase;
			buildActionMask = 2147483647;
			files = (
				97669A8E1EF9EAAA00679524 /* LaunchScreen.storyboard in Resources */,
				97669A8B1EF9EAAA00679524 /* Assets.xcassets in Resources */,
				97669A891EF9EAAA00679524 /* Main.storyboard in Resources */,
			);
			runOnlyForDeploymentPostprocessing = 0;
		};
		97669A921EF9EAAA00679524 /* Resources */ = {
			isa = PBXResourcesBuildPhase;
			buildActionMask = 2147483647;
			files = (
			);
			runOnlyForDeploymentPostprocessing = 0;
		};
		97669A9D1EF9EAAA00679524 /* Resources */ = {
			isa = PBXResourcesBuildPhase;
			buildActionMask = 2147483647;
			files = (
			);
			runOnlyForDeploymentPostprocessing = 0;
		};
/* End PBXResourcesBuildPhase section */

/* Begin PBXSourcesBuildPhase section */
		97669A7C1EF9EAAA00679524 /* Sources */ = {
			isa = PBXSourcesBuildPhase;
			buildActionMask = 2147483647;
			files = (
				97669ABE1EFB3CCD00679524 /* ClientDetailViewController.swift in Sources */,
				97669AB61EFA058900679524 /* ClientTableViewController.swift in Sources */,
				97669ABC1EFB29DC00679524 /* AddClientViewController.swift in Sources */,
				97669A861EF9EAAA00679524 /* ViewController.swift in Sources */,
				97669ABA1EFB190100679524 /* Client.swift in Sources */,
				97669A841EF9EAAA00679524 /* AppDelegate.swift in Sources */,
				97669AB81EFB14FE00679524 /* ClientTableViewCell.swift in Sources */,
				97669AB21EF9F31E00679524 /* RegisterPageViewController.swift in Sources */,
			);
			runOnlyForDeploymentPostprocessing = 0;
		};
		97669A901EF9EAAA00679524 /* Sources */ = {
			isa = PBXSourcesBuildPhase;
			buildActionMask = 2147483647;
			files = (
				97669A991EF9EAAA00679524 /* clientLookTests.swift in Sources */,
			);
			runOnlyForDeploymentPostprocessing = 0;
		};
		97669A9B1EF9EAAA00679524 /* Sources */ = {
			isa = PBXSourcesBuildPhase;
			buildActionMask = 2147483647;
			files = (
				97669AA41EF9EAAA00679524 /* clientLookUITests.swift in Sources */,
			);
			runOnlyForDeploymentPostprocessing = 0;
		};
/* End PBXSourcesBuildPhase section */

/* Begin PBXTargetDependency section */
		97669A961EF9EAAA00679524 /* PBXTargetDependency */ = {
			isa = PBXTargetDependency;
			target = 97669A7F1EF9EAAA00679524 /* clientLook */;
			targetProxy = 97669A951EF9EAAA00679524 /* PBXContainerItemProxy */;
		};
		97669AA11EF9EAAA00679524 /* PBXTargetDependency */ = {
			isa = PBXTargetDependency;
			target = 97669A7F1EF9EAAA00679524 /* clientLook */;
			targetProxy = 97669AA01EF9EAAA00679524 /* PBXContainerItemProxy */;
		};
/* End PBXTargetDependency section */

/* Begin PBXVariantGroup section */
		97669A871EF9EAAA00679524 /* Main.storyboard */ = {
			isa = PBXVariantGroup;
			children = (
				97669A881EF9EAAA00679524 /* Base */,
			);
			name = Main.storyboard;
			sourceTree = "<group>";
		};
		97669A8C1EF9EAAA00679524 /* LaunchScreen.storyboard */ = {
			isa = PBXVariantGroup;
			children = (
				97669A8D1EF9EAAA00679524 /* Base */,
			);
			name = LaunchScreen.storyboard;
			sourceTree = "<group>";
		};
/* End PBXVariantGroup section */

/* Begin XCBuildConfiguration section */
		97669AA61EF9EAAA00679524 /* Debug */ = {
			isa = XCBuildConfiguration;
			buildSettings = {
				ALWAYS_SEARCH_USER_PATHS = NO;
				CLANG_ANALYZER_NONNULL = YES;
				CLANG_ANALYZER_NUMBER_OBJECT_CONVERSION = YES_AGGRESSIVE;
				CLANG_CXX_LANGUAGE_STANDARD = "gnu++0x";
				CLANG_CXX_LIBRARY = "libc++";
				CLANG_ENABLE_MODULES = YES;
				CLANG_ENABLE_OBJC_ARC = YES;
				CLANG_WARN_BOOL_CONVERSION = YES;
				CLANG_WARN_CONSTANT_CONVERSION = YES;
				CLANG_WARN_DIRECT_OBJC_ISA_USAGE = YES_ERROR;
				CLANG_WARN_DOCUMENTATION_COMMENTS = YES;
				CLANG_WARN_EMPTY_BODY = YES;
				CLANG_WARN_ENUM_CONVERSION = YES;
				CLANG_WARN_INFINITE_RECURSION = YES;
				CLANG_WARN_INT_CONVERSION = YES;
				CLANG_WARN_OBJC_ROOT_CLASS = YES_ERROR;
				CLANG_WARN_SUSPICIOUS_MOVE = YES;
				CLANG_WARN_UNREACHABLE_CODE = YES;
				CLANG_WARN__DUPLICATE_METHOD_MATCH = YES;
				"CODE_SIGN_IDENTITY[sdk=iphoneos*]" = "iPhone Developer";
				COPY_PHASE_STRIP = NO;
				DEBUG_INFORMATION_FORMAT = dwarf;
				ENABLE_STRICT_OBJC_MSGSEND = YES;
				ENABLE_TESTABILITY = YES;
				GCC_C_LANGUAGE_STANDARD = gnu99;
				GCC_DYNAMIC_NO_PIC = NO;
				GCC_NO_COMMON_BLOCKS = YES;
				GCC_OPTIMIZATION_LEVEL = 0;
				GCC_PREPROCESSOR_DEFINITIONS = (
					"DEBUG=1",
					"$(inherited)",
				);
				GCC_WARN_64_TO_32_BIT_CONVERSION = YES;
				GCC_WARN_ABOUT_RETURN_TYPE = YES_ERROR;
				GCC_WARN_UNDECLARED_SELECTOR = YES;
				GCC_WARN_UNINITIALIZED_AUTOS = YES_AGGRESSIVE;
				GCC_WARN_UNUSED_FUNCTION = YES;
				GCC_WARN_UNUSED_VARIABLE = YES;
				IPHONEOS_DEPLOYMENT_TARGET = 10.3;
				MTL_ENABLE_DEBUG_INFO = YES;
				ONLY_ACTIVE_ARCH = YES;
				SDKROOT = iphoneos;
				SWIFT_ACTIVE_COMPILATION_CONDITIONS = DEBUG;
				SWIFT_OPTIMIZATION_LEVEL = "-Onone";
				TARGETED_DEVICE_FAMILY = "1,2";
			};
			name = Debug;
		};
		97669AA71EF9EAAA00679524 /* Release */ = {
			isa = XCBuildConfiguration;
			buildSettings = {
				ALWAYS_SEARCH_USER_PATHS = NO;
				CLANG_ANALYZER_NONNULL = YES;
				CLANG_ANALYZER_NUMBER_OBJECT_CONVERSION = YES_AGGRESSIVE;
				CLANG_CXX_LANGUAGE_STANDARD = "gnu++0x";
				CLANG_CXX_LIBRARY = "libc++";
				CLANG_ENABLE_MODULES = YES;
				CLANG_ENABLE_OBJC_ARC = YES;
				CLANG_WARN_BOOL_CONVERSION = YES;
				CLANG_WARN_CONSTANT_CONVERSION = YES;
				CLANG_WARN_DIRECT_OBJC_ISA_USAGE = YES_ERROR;
				CLANG_WARN_DOCUMENTATION_COMMENTS = YES;
				CLANG_WARN_EMPTY_BODY = YES;
				CLANG_WARN_ENUM_CONVERSION = YES;
				CLANG_WARN_INFINITE_RECURSION = YES;
				CLANG_WARN_INT_CONVERSION = YES;
				CLANG_WARN_OBJC_ROOT_CLASS = YES_ERROR;
				CLANG_WARN_SUSPICIOUS_MOVE = YES;
				CLANG_WARN_UNREACHABLE_CODE = YES;
				CLANG_WARN__DUPLICATE_METHOD_MATCH = YES;
				"CODE_SIGN_IDENTITY[sdk=iphoneos*]" = "iPhone Developer";
				COPY_PHASE_STRIP = NO;
				DEBUG_INFORMATION_FORMAT = "dwarf-with-dsym";
				ENABLE_NS_ASSERTIONS = NO;
				ENABLE_STRICT_OBJC_MSGSEND = YES;
				GCC_C_LANGUAGE_STANDARD = gnu99;
				GCC_NO_COMMON_BLOCKS = YES;
				GCC_WARN_64_TO_32_BIT_CONVERSION = YES;
				GCC_WARN_ABOUT_RETURN_TYPE = YES_ERROR;
				GCC_WARN_UNDECLARED_SELECTOR = YES;
				GCC_WARN_UNINITIALIZED_AUTOS = YES_AGGRESSIVE;
				GCC_WARN_UNUSED_FUNCTION = YES;
				GCC_WARN_UNUSED_VARIABLE = YES;
				IPHONEOS_DEPLOYMENT_TARGET = 10.3;
				MTL_ENABLE_DEBUG_INFO = NO;
				SDKROOT = iphoneos;
				SWIFT_OPTIMIZATION_LEVEL = "-Owholemodule";
				TARGETED_DEVICE_FAMILY = "1,2";
				VALIDATE_PRODUCT = YES;
			};
			name = Release;
		};
		97669AA91EF9EAAA00679524 /* Debug */ = {
			isa = XCBuildConfiguration;
			buildSettings = {
				ASSETCATALOG_COMPILER_APPICON_NAME = AppIcon;
				DEVELOPMENT_TEAM = TCV22SV9QT;
				INFOPLIST_FILE = clientLook/Info.plist;
				LD_RUNPATH_SEARCH_PATHS = "$(inherited) @executable_path/Frameworks";
				PRODUCT_BUNDLE_IDENTIFIER = com.HauteLook.clientLook;
				PRODUCT_NAME = "$(TARGET_NAME)";
				SWIFT_VERSION = 3.0;
			};
			name = Debug;
		};
		97669AAA1EF9EAAA00679524 /* Release */ = {
			isa = XCBuildConfiguration;
			buildSettings = {
				ASSETCATALOG_COMPILER_APPICON_NAME = AppIcon;
				DEVELOPMENT_TEAM = TCV22SV9QT;
				INFOPLIST_FILE = clientLook/Info.plist;
				LD_RUNPATH_SEARCH_PATHS = "$(inherited) @executable_path/Frameworks";
				PRODUCT_BUNDLE_IDENTIFIER = com.HauteLook.clientLook;
				PRODUCT_NAME = "$(TARGET_NAME)";
				SWIFT_VERSION = 3.0;
			};
			name = Release;
		};
		97669AAC1EF9EAAA00679524 /* Debug */ = {
			isa = XCBuildConfiguration;
			buildSettings = {
				ALWAYS_EMBED_SWIFT_STANDARD_LIBRARIES = YES;
				BUNDLE_LOADER = "$(TEST_HOST)";
				INFOPLIST_FILE = clientLookTests/Info.plist;
				LD_RUNPATH_SEARCH_PATHS = "$(inherited) @executable_path/Frameworks @loader_path/Frameworks";
				PRODUCT_BUNDLE_IDENTIFIER = com.HauteLook.clientLookTests;
				PRODUCT_NAME = "$(TARGET_NAME)";
				SWIFT_VERSION = 3.0;
				TEST_HOST = "$(BUILT_PRODUCTS_DIR)/clientLook.app/clientLook";
			};
			name = Debug;
		};
		97669AAD1EF9EAAA00679524 /* Release */ = {
			isa = XCBuildConfiguration;
			buildSettings = {
				ALWAYS_EMBED_SWIFT_STANDARD_LIBRARIES = YES;
				BUNDLE_LOADER = "$(TEST_HOST)";
				INFOPLIST_FILE = clientLookTests/Info.plist;
				LD_RUNPATH_SEARCH_PATHS = "$(inherited) @executable_path/Frameworks @loader_path/Frameworks";
				PRODUCT_BUNDLE_IDENTIFIER = com.HauteLook.clientLookTests;
				PRODUCT_NAME = "$(TARGET_NAME)";
				SWIFT_VERSION = 3.0;
				TEST_HOST = "$(BUILT_PRODUCTS_DIR)/clientLook.app/clientLook";
			};
			name = Release;
		};
		97669AAF1EF9EAAA00679524 /* Debug */ = {
			isa = XCBuildConfiguration;
			buildSettings = {
				ALWAYS_EMBED_SWIFT_STANDARD_LIBRARIES = YES;
				INFOPLIST_FILE = clientLookUITests/Info.plist;
				LD_RUNPATH_SEARCH_PATHS = "$(inherited) @executable_path/Frameworks @loader_path/Frameworks";
				PRODUCT_BUNDLE_IDENTIFIER = com.HauteLook.clientLookUITests;
				PRODUCT_NAME = "$(TARGET_NAME)";
				SWIFT_VERSION = 3.0;
				TEST_TARGET_NAME = clientLook;
			};
			name = Debug;
		};
		97669AB01EF9EAAA00679524 /* Release */ = {
			isa = XCBuildConfiguration;
			buildSettings = {
				ALWAYS_EMBED_SWIFT_STANDARD_LIBRARIES = YES;
				INFOPLIST_FILE = clientLookUITests/Info.plist;
				LD_RUNPATH_SEARCH_PATHS = "$(inherited) @executable_path/Frameworks @loader_path/Frameworks";
				PRODUCT_BUNDLE_IDENTIFIER = com.HauteLook.clientLookUITests;
				PRODUCT_NAME = "$(TARGET_NAME)";
				SWIFT_VERSION = 3.0;
				TEST_TARGET_NAME = clientLook;
			};
			name = Release;
		};
/* End XCBuildConfiguration section */

/* Begin XCConfigurationList section */
		97669A7B1EF9EAAA00679524 /* Build configuration list for PBXProject "clientLook" */ = {
			isa = XCConfigurationList;
			buildConfigurations = (
				97669AA61EF9EAAA00679524 /* Debug */,
				97669AA71EF9EAAA00679524 /* Release */,
			);
			defaultConfigurationIsVisible = 0;
			defaultConfigurationName = Release;
		};
		97669AA81EF9EAAA00679524 /* Build configuration list for PBXNativeTarget "clientLook" */ = {
			isa = XCConfigurationList;
			buildConfigurations = (
				97669AA91EF9EAAA00679524 /* Debug */,
				97669AAA1EF9EAAA00679524 /* Release */,
			);
			defaultConfigurationIsVisible = 0;
			defaultConfigurationName = Release;
		};
		97669AAB1EF9EAAA00679524 /* Build configuration list for PBXNativeTarget "clientLookTests" */ = {
			isa = XCConfigurationList;
			buildConfigurations = (
				97669AAC1EF9EAAA00679524 /* Debug */,
				97669AAD1EF9EAAA00679524 /* Release */,
			);
			defaultConfigurationIsVisible = 0;
			defaultConfigurationName = Release;
		};
		97669AAE1EF9EAAA00679524 /* Build configuration list for PBXNativeTarget "clientLookUITests" */ = {
			isa = XCConfigurationList;
			buildConfigurations = (
				97669AAF1EF9EAAA00679524 /* Debug */,
				97669AB01EF9EAAA00679524 /* Release */,
			);
			defaultConfigurationIsVisible = 0;
			defaultConfigurationName = Release;
		};
/* End XCConfigurationList section */
	};
	rootObject = 97669A781EF9EAAA00679524 /* Project object */;
}
